{
  "nodes": {
    "appimage-file-latest": {
      "flake": false,
      "locked": {
        "narHash": "sha256-VpoNW65ibvHqM34DXC5ZiD1v41mdw4WBuWBVPmU5rgc=",
        "type": "file",
        "url": "https://github.com/neovim/neovim/releases/latest/download/nvim-linux-x86_64.appimage"
      },
      "original": {
        "type": "file",
        "url": "https://github.com/neovim/neovim/releases/latest/download/nvim-linux-x86_64.appimage"
      }
    },
    "appimage-file-nightly": {
      "flake": false,
      "locked": {
        "narHash": "sha256-2X0HQHDmUFKMRy46Lvnm9DzKwJeHjqpyyBhy8y94mGI=",
        "type": "file",
        "url": "https://github.com/neovim/neovim/releases/download/nightly/nvim-linux-x86_64.appimage"
      },
      "original": {
        "type": "file",
        "url": "https://github.com/neovim/neovim/releases/download/nightly/nvim-linux-x86_64.appimage"
      }
    },
    "nixpkgs": {
      "locked": {
        "lastModified": 1743315132,
        "narHash": "sha256-6hl6L/tRnwubHcA4pfUUtk542wn2Om+D4UnDhlDW9BE=",
        "owner": "NixOS",
        "repo": "nixpkgs",
        "rev": "52faf482a3889b7619003c0daec593a1912fddc1",
        "type": "github"
      },
      "original": {
        "owner": "NixOS",
        "ref": "nixos-unstable",
        "repo": "nixpkgs",
        "type": "github"
      }
    },
    "root": {
      "inputs": {
        "appimage-file-latest": "appimage-file-latest",
        "appimage-file-nightly": "appimage-file-nightly",
        "nixpkgs": "nixpkgs"
      }
    }
  },
  "root": "root",
  "version": 7
}
