{
  "nodes": {
    "appimage-file-latest": {
      "flake": false,
      "locked": {
        "narHash": "sha256-VpoNW65ibvHqM34DXC5ZiD1v41mdw4WBuWBVPmU5rgc=",
        "type": "file",
        "url": "https://github.com/neovim/neovim/releases/latest/download/nvim-linux-x86_64.appimage"
      },
      "original": {
        "type": "file",
        "url": "https://github.com/neovim/neovim/releases/latest/download/nvim-linux-x86_64.appimage"
      }
    },
    "appimage-file-nightly": {
      "flake": false,
      "locked": {
        "narHash": "sha256-2rKIdzXQ4v/2l38JT7EzNw5Sf8r8YBcmQ7PyoR0rUB8=",
        "type": "file",
        "url": "https://github.com/neovim/neovim/releases/download/nightly/nvim-linux-x86_64.appimage"
      },
      "original": {
        "type": "file",
        "url": "https://github.com/neovim/neovim/releases/download/nightly/nvim-linux-x86_64.appimage"
      }
    },
    "nixpkgs": {
      "locked": {
        "lastModified": 1743583204,
        "narHash": "sha256-F7n4+KOIfWrwoQjXrL2wD9RhFYLs2/GGe/MQY1sSdlE=",
        "owner": "NixOS",
        "repo": "nixpkgs",
        "rev": "2c8d3f48d33929642c1c12cd243df4cc7d2ce434",
        "type": "github"
      },
      "original": {
        "owner": "NixOS",
        "ref": "nixos-unstable",
        "repo": "nixpkgs",
        "type": "github"
      }
    },
    "root": {
      "inputs": {
        "appimage-file-latest": "appimage-file-latest",
        "appimage-file-nightly": "appimage-file-nightly",
        "nixpkgs": "nixpkgs"
      }
    }
  },
  "root": "root",
  "version": 7
}
